
Microsoft Visual Studio Solution File, Format Version 12.00
# Visual Studio Version 17
VisualStudioVersion = 17.0.31912.275
MinimumVisualStudioVersion = 10.0.40219.1
Project("{FAE04EC0-301F-11D3-BF4B-00C04F79EFBC}") = "Lab5", "Lab5\Lab5.csproj", "{24235BE1-7619-4874-8197-A13C8C2CC2DC}"
EndProject
Global
	GlobalSection(SolutionConfigurationPlatforms) = preSolution
		Debug|Any CPU = Debug|Any CPU
		Release|Any CPU = Release|Any CPU
	EndGlobalSection
	GlobalSection(ProjectConfigurationPlatforms) = postSolution
		{24235BE1-7619-4874-8197-A13C8C2CC2DC}.Debug|Any CPU.ActiveCfg = Debug|Any CPU
		{24235BE1-7619-4874-8197-A13C8C2CC2DC}.Debug|Any CPU.Build.0 = Debug|Any CPU
		{24235BE1-7619-4874-8197-A13C8C2CC2DC}.Release|Any CPU.ActiveCfg = Release|Any CPU
		{24235BE1-7619-4874-8197-A13C8C2CC2DC}.Release|Any CPU.Build.0 = Release|Any CPU
	EndGlobalSection
	GlobalSection(SolutionProperties) = preSolution
		HideSolutionNode = FALSE
	EndGlobalSection
	GlobalSection(ExtensibilityGlobals) = postSolution
		SolutionGuid = {AD6A305A-F975-41A0-A96B-68E008E03806}
	EndGlobalSection
EndGlobal
